
Microsoft Visual Studio Solution File, Format Version 12.00
# Visual Studio Version 17
VisualStudioVersion = 17.0.32126.317
MinimumVisualStudioVersion = 10.0.40219.1
Project("{FAE04EC0-301F-11D3-BF4B-00C04F79EFBC}") = "sevimyemek", "sevimyemek\sevimyemek.csproj", "{493FA48B-C11B-4FE4-9B26-539A8D92DCB1}"
EndProject
Global
	GlobalSection(SolutionConfigurationPlatforms) = preSolution
		Debug|Any CPU = Debug|Any CPU
		Release|Any CPU = Release|Any CPU
	EndGlobalSection
	GlobalSection(ProjectConfigurationPlatforms) = postSolution
		{493FA48B-C11B-4FE4-9B26-539A8D92DCB1}.Debug|Any CPU.ActiveCfg = Debug|Any CPU
		{493FA48B-C11B-4FE4-9B26-539A8D92DCB1}.Debug|Any CPU.Build.0 = Debug|Any CPU
		{493FA48B-C11B-4FE4-9B26-539A8D92DCB1}.Release|Any CPU.ActiveCfg = Release|Any CPU
		{493FA48B-C11B-4FE4-9B26-539A8D92DCB1}.Release|Any CPU.Build.0 = Release|Any CPU
	EndGlobalSection
	GlobalSection(SolutionProperties) = preSolution
		HideSolutionNode = FALSE
	EndGlobalSection
	GlobalSection(ExtensibilityGlobals) = postSolution
		SolutionGuid = {15876E0B-76B6-4088-98D1-F1CD722A5BFE}
	EndGlobalSection
EndGlobal
